{
  "nodes": {
    "nixpkgs": {
      "locked": {
        "lastModified": 1770854379,
        "narHash": "sha256-kwH7xja/THzY4DY7FJDmLlfxoAOTIwqYdzNgIqW3VMQ=",
        "owner": "nixos",
        "repo": "nixpkgs",
        "rev": "2af23d5f787161f7ea8d994c394bd37c9dcf6958",
        "type": "github"
      },
      "original": {
        "owner": "nixos",
        "repo": "nixpkgs",
        "rev": "2af23d5f787161f7ea8d994c394bd37c9dcf6958",
        "type": "github"
      }
    },
    "root": {
      "inputs": {
        "nixpkgs": "nixpkgs"
      }
    }
  },
  "root": "root",
  "version": 7
}
